
Microsoft Visual Studio Solution File, Format Version 12.00
# Visual Studio Version 17
VisualStudioVersion = 17.12.35527.113 d17.12
MinimumVisualStudioVersion = 10.0.40219.1
Project("{FAE04EC0-301F-11D3-BF4B-00C04F79EFBC}") = "TW_System", "TW_System\TW_System.csproj", "{AE1C073D-B116-426D-A85C-0E05B5077322}"
EndProject
Project("{2150E333-8FDC-42A3-9474-1A3956D46DE8}") = "DevExtreme NuGet.config", "DevExtreme NuGet.config", "{EE66D968-86EA-4EA8-B413-A9BDBFC8137F}"
	ProjectSection(SolutionItems) = preProject
		NuGet.config = NuGet.config
	EndProjectSection
EndProject
Global
	GlobalSection(SolutionConfigurationPlatforms) = preSolution
		Debug|Any CPU = Debug|Any CPU
		Release|Any CPU = Release|Any CPU
	EndGlobalSection
	GlobalSection(ProjectConfigurationPlatforms) = postSolution
		{AE1C073D-B116-426D-A85C-0E05B5077322}.Debug|Any CPU.ActiveCfg = Debug|Any CPU
		{AE1C073D-B116-426D-A85C-0E05B5077322}.Debug|Any CPU.Build.0 = Debug|Any CPU
		{AE1C073D-B116-426D-A85C-0E05B5077322}.Release|Any CPU.ActiveCfg = Release|Any CPU
		{AE1C073D-B116-426D-A85C-0E05B5077322}.Release|Any CPU.Build.0 = Release|Any CPU
	EndGlobalSection
	GlobalSection(SolutionProperties) = preSolution
		HideSolutionNode = FALSE
	EndGlobalSection
EndGlobal
